
Microsoft Visual Studio Solution File, Format Version 12.00
# Visual Studio Version 17
VisualStudioVersion = 17.1.32210.238
MinimumVisualStudioVersion = 10.0.40219.1
Project("{9A19103F-16F7-4668-BE54-9A1E7A4F7556}") = "Headway.WorkflowEngine", "Headway.WorkflowEngine.csproj", "{A255A59C-E78E-45E5-B92F-5898D9A7704E}"
EndProject
Project("{9A19103F-16F7-4668-BE54-9A1E7A4F7556}") = "Headway.WorkflowEngine.UnitTests", "UnitTests\Headway.WorkflowEngine.UnitTests.csproj", "{051315E3-9B48-43DC-9F12-FE2C3D3F836A}"
EndProject
Global
	GlobalSection(SolutionConfigurationPlatforms) = preSolution
		Debug|Any CPU = Debug|Any CPU
		Release|Any CPU = Release|Any CPU
	EndGlobalSection
	GlobalSection(ProjectConfigurationPlatforms) = postSolution
		{A255A59C-E78E-45E5-B92F-5898D9A7704E}.Debug|Any CPU.ActiveCfg = Debug|Any CPU
		{A255A59C-E78E-45E5-B92F-5898D9A7704E}.Debug|Any CPU.Build.0 = Debug|Any CPU
		{A255A59C-E78E-45E5-B92F-5898D9A7704E}.Release|Any CPU.ActiveCfg = Release|Any CPU
		{A255A59C-E78E-45E5-B92F-5898D9A7704E}.Release|Any CPU.Build.0 = Release|Any CPU
		{051315E3-9B48-43DC-9F12-FE2C3D3F836A}.Debug|Any CPU.ActiveCfg = Debug|Any CPU
		{051315E3-9B48-43DC-9F12-FE2C3D3F836A}.Debug|Any CPU.Build.0 = Debug|Any CPU
		{051315E3-9B48-43DC-9F12-FE2C3D3F836A}.Release|Any CPU.ActiveCfg = Release|Any CPU
		{051315E3-9B48-43DC-9F12-FE2C3D3F836A}.Release|Any CPU.Build.0 = Release|Any CPU
	EndGlobalSection
	GlobalSection(SolutionProperties) = preSolution
		HideSolutionNode = FALSE
	EndGlobalSection
	GlobalSection(ExtensibilityGlobals) = postSolution
		SolutionGuid = {A63BE4CE-2FA9-4D2B-B8F7-1A90FEFC73FF}
	EndGlobalSection
EndGlobal
