
Microsoft Visual Studio Solution File, Format Version 12.00
# Visual Studio Version 16
VisualStudioVersion = 16.0.29020.237
MinimumVisualStudioVersion = 10.0.40219.1
Project("{9A19103F-16F7-4668-BE54-9A1E7A4F7556}") = "Headway.WorkflowEngine", "Headway.WorkflowEngine.csproj", "{F083DC17-985D-4E62-851D-9E7F193509B2}"
EndProject
Project("{9A19103F-16F7-4668-BE54-9A1E7A4F7556}") = "Headway.WorkflowEngine.UnitTests", "UnitTests\Headway.WorkflowEngine.UnitTests.csproj", "{7E2268A3-F244-438F-8906-EDD302631EBC}"
EndProject
Project("{9A19103F-16F7-4668-BE54-9A1E7A4F7556}") = "Headway.Dynamo", "..\Headway.Dynamo\Headway.Dynamo.csproj", "{BE7E5534-8BC0-4428-B178-88E607E02A58}"
EndProject
Global
	GlobalSection(SolutionConfigurationPlatforms) = preSolution
		Debug|Any CPU = Debug|Any CPU
		Release|Any CPU = Release|Any CPU
	EndGlobalSection
	GlobalSection(ProjectConfigurationPlatforms) = postSolution
		{F083DC17-985D-4E62-851D-9E7F193509B2}.Debug|Any CPU.ActiveCfg = Debug|Any CPU
		{F083DC17-985D-4E62-851D-9E7F193509B2}.Debug|Any CPU.Build.0 = Debug|Any CPU
		{F083DC17-985D-4E62-851D-9E7F193509B2}.Release|Any CPU.ActiveCfg = Release|Any CPU
		{F083DC17-985D-4E62-851D-9E7F193509B2}.Release|Any CPU.Build.0 = Release|Any CPU
		{7E2268A3-F244-438F-8906-EDD302631EBC}.Debug|Any CPU.ActiveCfg = Debug|Any CPU
		{7E2268A3-F244-438F-8906-EDD302631EBC}.Debug|Any CPU.Build.0 = Debug|Any CPU
		{7E2268A3-F244-438F-8906-EDD302631EBC}.Release|Any CPU.ActiveCfg = Release|Any CPU
		{7E2268A3-F244-438F-8906-EDD302631EBC}.Release|Any CPU.Build.0 = Release|Any CPU
		{BE7E5534-8BC0-4428-B178-88E607E02A58}.Debug|Any CPU.ActiveCfg = Debug|Any CPU
		{BE7E5534-8BC0-4428-B178-88E607E02A58}.Debug|Any CPU.Build.0 = Debug|Any CPU
		{BE7E5534-8BC0-4428-B178-88E607E02A58}.Release|Any CPU.ActiveCfg = Release|Any CPU
		{BE7E5534-8BC0-4428-B178-88E607E02A58}.Release|Any CPU.Build.0 = Release|Any CPU
	EndGlobalSection
	GlobalSection(SolutionProperties) = preSolution
		HideSolutionNode = FALSE
	EndGlobalSection
	GlobalSection(ExtensibilityGlobals) = postSolution
		SolutionGuid = {A63BE4CE-2FA9-4D2B-B8F7-1A90FEFC73FF}
	EndGlobalSection
EndGlobal
